
Microsoft Visual Studio Solution File, Format Version 12.00
# Visual Studio 15
VisualStudioVersion = 15.0.28010.2041
MinimumVisualStudioVersion = 10.0.40219.1
Project("{9A19103F-16F7-4668-BE54-9A1E7A4F7556}") = "Reflight.Core", "Reflight.Core\Reflight.Core.csproj", "{DE6FE503-576E-400E-829A-73D10B063CE1}"
EndProject
Project("{9A19103F-16F7-4668-BE54-9A1E7A4F7556}") = "Reflight.Tests", "Reflight.Tests\Reflight.Tests.csproj", "{34CF63C0-80C1-4863-B416-E1C6F7F45385}"
EndProject
Project("{FAE04EC0-301F-11D3-BF4B-00C04F79EFBC}") = "Reflight.UWP", "Reflight.UWP\Reflight.UWP.csproj", "{E3FE5BE4-6572-4663-900A-2F728BA797ED}"
EndProject
Global
	GlobalSection(SolutionConfigurationPlatforms) = preSolution
		Debug|Any CPU = Debug|Any CPU
		Debug|ARM = Debug|ARM
		Debug|x64 = Debug|x64
		Debug|x86 = Debug|x86
		Release|Any CPU = Release|Any CPU
		Release|ARM = Release|ARM
		Release|x64 = Release|x64
		Release|x86 = Release|x86
	EndGlobalSection
	GlobalSection(ProjectConfigurationPlatforms) = postSolution
		{DE6FE503-576E-400E-829A-73D10B063CE1}.Debug|Any CPU.ActiveCfg = Debug|Any CPU
		{DE6FE503-576E-400E-829A-73D10B063CE1}.Debug|Any CPU.Build.0 = Debug|Any CPU
		{DE6FE503-576E-400E-829A-73D10B063CE1}.Debug|ARM.ActiveCfg = Debug|Any CPU
		{DE6FE503-576E-400E-829A-73D10B063CE1}.Debug|ARM.Build.0 = Debug|Any CPU
		{DE6FE503-576E-400E-829A-73D10B063CE1}.Debug|x64.ActiveCfg = Debug|Any CPU
		{DE6FE503-576E-400E-829A-73D10B063CE1}.Debug|x64.Build.0 = Debug|Any CPU
		{DE6FE503-576E-400E-829A-73D10B063CE1}.Debug|x86.ActiveCfg = Debug|Any CPU
		{DE6FE503-576E-400E-829A-73D10B063CE1}.Debug|x86.Build.0 = Debug|Any CPU
		{DE6FE503-576E-400E-829A-73D10B063CE1}.Release|Any CPU.ActiveCfg = Release|Any CPU
		{DE6FE503-576E-400E-829A-73D10B063CE1}.Release|Any CPU.Build.0 = Release|Any CPU
		{DE6FE503-576E-400E-829A-73D10B063CE1}.Release|ARM.ActiveCfg = Release|Any CPU
		{DE6FE503-576E-400E-829A-73D10B063CE1}.Release|ARM.Build.0 = Release|Any CPU
		{DE6FE503-576E-400E-829A-73D10B063CE1}.Release|x64.ActiveCfg = Release|Any CPU
		{DE6FE503-576E-400E-829A-73D10B063CE1}.Release|x64.Build.0 = Release|Any CPU
		{DE6FE503-576E-400E-829A-73D10B063CE1}.Release|x86.ActiveCfg = Release|Any CPU
		{DE6FE503-576E-400E-829A-73D10B063CE1}.Release|x86.Build.0 = Release|Any CPU
		{34CF63C0-80C1-4863-B416-E1C6F7F45385}.Debug|Any CPU.ActiveCfg = Debug|Any CPU
		{34CF63C0-80C1-4863-B416-E1C6F7F45385}.Debug|Any CPU.Build.0 = Debug|Any CPU
		{34CF63C0-80C1-4863-B416-E1C6F7F45385}.Debug|ARM.ActiveCfg = Debug|Any CPU
		{34CF63C0-80C1-4863-B416-E1C6F7F45385}.Debug|ARM.Build.0 = Debug|Any CPU
		{34CF63C0-80C1-4863-B416-E1C6F7F45385}.Debug|x64.ActiveCfg = Debug|Any CPU
		{34CF63C0-80C1-4863-B416-E1C6F7F45385}.Debug|x64.Build.0 = Debug|Any CPU
		{34CF63C0-80C1-4863-B416-E1C6F7F45385}.Debug|x86.ActiveCfg = Debug|Any CPU
		{34CF63C0-80C1-4863-B416-E1C6F7F45385}.Debug|x86.Build.0 = Debug|Any CPU
		{34CF63C0-80C1-4863-B416-E1C6F7F45385}.Release|Any CPU.ActiveCfg = Release|Any CPU
		{34CF63C0-80C1-4863-B416-E1C6F7F45385}.Release|Any CPU.Build.0 = Release|Any CPU
		{34CF63C0-80C1-4863-B416-E1C6F7F45385}.Release|ARM.ActiveCfg = Release|Any CPU
		{34CF63C0-80C1-4863-B416-E1C6F7F45385}.Release|ARM.Build.0 = Release|Any CPU
		{34CF63C0-80C1-4863-B416-E1C6F7F45385}.Release|x64.ActiveCfg = Release|Any CPU
		{34CF63C0-80C1-4863-B416-E1C6F7F45385}.Release|x64.Build.0 = Release|Any CPU
		{34CF63C0-80C1-4863-B416-E1C6F7F45385}.Release|x86.ActiveCfg = Release|Any CPU
		{34CF63C0-80C1-4863-B416-E1C6F7F45385}.Release|x86.Build.0 = Release|Any CPU
		{E3FE5BE4-6572-4663-900A-2F728BA797ED}.Debug|Any CPU.ActiveCfg = Debug|x86
		{E3FE5BE4-6572-4663-900A-2F728BA797ED}.Debug|ARM.ActiveCfg = Debug|ARM
		{E3FE5BE4-6572-4663-900A-2F728BA797ED}.Debug|ARM.Build.0 = Debug|ARM
		{E3FE5BE4-6572-4663-900A-2F728BA797ED}.Debug|ARM.Deploy.0 = Debug|ARM
		{E3FE5BE4-6572-4663-900A-2F728BA797ED}.Debug|x64.ActiveCfg = Debug|x64
		{E3FE5BE4-6572-4663-900A-2F728BA797ED}.Debug|x64.Build.0 = Debug|x64
		{E3FE5BE4-6572-4663-900A-2F728BA797ED}.Debug|x64.Deploy.0 = Debug|x64
		{E3FE5BE4-6572-4663-900A-2F728BA797ED}.Debug|x86.ActiveCfg = Debug|x86
		{E3FE5BE4-6572-4663-900A-2F728BA797ED}.Debug|x86.Build.0 = Debug|x86
		{E3FE5BE4-6572-4663-900A-2F728BA797ED}.Debug|x86.Deploy.0 = Debug|x86
		{E3FE5BE4-6572-4663-900A-2F728BA797ED}.Release|Any CPU.ActiveCfg = Release|x86
		{E3FE5BE4-6572-4663-900A-2F728BA797ED}.Release|ARM.ActiveCfg = Release|ARM
		{E3FE5BE4-6572-4663-900A-2F728BA797ED}.Release|ARM.Build.0 = Release|ARM
		{E3FE5BE4-6572-4663-900A-2F728BA797ED}.Release|ARM.Deploy.0 = Release|ARM
		{E3FE5BE4-6572-4663-900A-2F728BA797ED}.Release|x64.ActiveCfg = Release|x64
		{E3FE5BE4-6572-4663-900A-2F728BA797ED}.Release|x64.Build.0 = Release|x64
		{E3FE5BE4-6572-4663-900A-2F728BA797ED}.Release|x64.Deploy.0 = Release|x64
		{E3FE5BE4-6572-4663-900A-2F728BA797ED}.Release|x86.ActiveCfg = Release|x86
		{E3FE5BE4-6572-4663-900A-2F728BA797ED}.Release|x86.Build.0 = Release|x86
		{E3FE5BE4-6572-4663-900A-2F728BA797ED}.Release|x86.Deploy.0 = Release|x86
	EndGlobalSection
	GlobalSection(SolutionProperties) = preSolution
		HideSolutionNode = FALSE
	EndGlobalSection
	GlobalSection(ExtensibilityGlobals) = postSolution
		SolutionGuid = {CE4D8DDE-647E-47A7-B322-C251C3F682F9}
	EndGlobalSection
EndGlobal
